// !$*UTF8*$!
{
	archiveVersion = 1;
	classes = {
	};
	objectVersion = 55;
	objects = {

/* Begin PBXBuildFile section */
		8A61B47128967F37008E5A4D /* AppDelegate.swift in Sources */ = {isa = PBXBuildFile; fileRef = 8A61B47028967F37008E5A4D /* AppDelegate.swift */; };
		8A61B47328967F37008E5A4D /* SceneDelegate.swift in Sources */ = {isa = PBXBuildFile; fileRef = 8A61B47228967F37008E5A4D /* SceneDelegate.swift */; };
		8A61B47828967F37008E5A4D /* Main.storyboard in Resources */ = {isa = PBXBuildFile; fileRef = 8A61B47628967F37008E5A4D /* Main.storyboard */; };
		8A61B47B28967F37008E5A4D /* myContacts.xcdatamodeld in Sources */ = {isa = PBXBuildFile; fileRef = 8A61B47928967F37008E5A4D /* myContacts.xcdatamodeld */; };
		8A61B47D28967F38008E5A4D /* Assets.xcassets in Resources */ = {isa = PBXBuildFile; fileRef = 8A61B47C28967F38008E5A4D /* Assets.xcassets */; };
		8A61B48028967F38008E5A4D /* LaunchScreen.storyboard in Resources */ = {isa = PBXBuildFile; fileRef = 8A61B47E28967F38008E5A4D /* LaunchScreen.storyboard */; };
		8A61B48928967F87008E5A4D /* Alamofire in Frameworks */ = {isa = PBXBuildFile; productRef = 8A61B48828967F87008E5A4D /* Alamofire */; };
		8A61B48C28967FA4008E5A4D /* SwiftyJSON in Frameworks */ = {isa = PBXBuildFile; productRef = 8A61B48B28967FA4008E5A4D /* SwiftyJSON */; };
		8A61B48F28967FCF008E5A4D /* APIClient.swift in Sources */ = {isa = PBXBuildFile; fileRef = 8A61B48E28967FCF008E5A4D /* APIClient.swift */; };
		8A61B4912896929C008E5A4D /* ContactsAPI.swift in Sources */ = {isa = PBXBuildFile; fileRef = 8A61B4902896929C008E5A4D /* ContactsAPI.swift */; };
		8A61B49428969313008E5A4D /* Contact.swift in Sources */ = {isa = PBXBuildFile; fileRef = 8A61B49328969313008E5A4D /* Contact.swift */; };
		8A61B49928969E65008E5A4D /* ContactsListController.swift in Sources */ = {isa = PBXBuildFile; fileRef = 8A61B49828969E65008E5A4D /* ContactsListController.swift */; };
		8A61B49C28969EB3008E5A4D /* BaseViewController.swift in Sources */ = {isa = PBXBuildFile; fileRef = 8A61B49B28969EB3008E5A4D /* BaseViewController.swift */; };
		8A61B49E28969EEE008E5A4D /* BaseViewModel.swift in Sources */ = {isa = PBXBuildFile; fileRef = 8A61B49D28969EEE008E5A4D /* BaseViewModel.swift */; };
		8A61B4A12896A042008E5A4D /* ContactsListViewModel.swift in Sources */ = {isa = PBXBuildFile; fileRef = 8A61B4A02896A042008E5A4D /* ContactsListViewModel.swift */; };
		8A61B4A42896A08A008E5A4D /* Services.swift in Sources */ = {isa = PBXBuildFile; fileRef = 8A61B4A32896A08A008E5A4D /* Services.swift */; };
		8A61B4A62896A092008E5A4D /* ContactService.swift in Sources */ = {isa = PBXBuildFile; fileRef = 8A61B4A52896A092008E5A4D /* ContactService.swift */; };
		8A61B4A92896A43E008E5A4D /* UIColor.swift in Sources */ = {isa = PBXBuildFile; fileRef = 8A61B4A82896A43E008E5A4D /* UIColor.swift */; };
		8A61B4AB2896A4D1008E5A4D /* Colors.xcassets in Resources */ = {isa = PBXBuildFile; fileRef = 8A61B4AA2896A4D1008E5A4D /* Colors.xcassets */; };
		8A61B4AD2896A729008E5A4D /* ContactCell.swift in Sources */ = {isa = PBXBuildFile; fileRef = 8A61B4AC2896A729008E5A4D /* ContactCell.swift */; };
		8A61B4B02896A955008E5A4D /* Kingfisher in Frameworks */ = {isa = PBXBuildFile; productRef = 8A61B4AF2896A955008E5A4D /* Kingfisher */; };
		8A61B4B32896B2C1008E5A4D /* ContactDetailsController.swift in Sources */ = {isa = PBXBuildFile; fileRef = 8A61B4B22896B2C1008E5A4D /* ContactDetailsController.swift */; };
		8A61B4B52896B2E7008E5A4D /* ContactDetailsViewModel.swift in Sources */ = {isa = PBXBuildFile; fileRef = 8A61B4B42896B2E7008E5A4D /* ContactDetailsViewModel.swift */; };
		8A61B4B72896BB40008E5A4D /* StorageService.swift in Sources */ = {isa = PBXBuildFile; fileRef = 8A61B4B62896BB40008E5A4D /* StorageService.swift */; };
/* End PBXBuildFile section */

/* Begin PBXFileReference section */
		8A61B46D28967F37008E5A4D /* myContacts.app */ = {isa = PBXFileReference; explicitFileType = wrapper.application; includeInIndex = 0; path = myContacts.app; sourceTree = BUILT_PRODUCTS_DIR; };
		8A61B47028967F37008E5A4D /* AppDelegate.swift */ = {isa = PBXFileReference; lastKnownFileType = sourcecode.swift; path = AppDelegate.swift; sourceTree = "<group>"; };
		8A61B47228967F37008E5A4D /* SceneDelegate.swift */ = {isa = PBXFileReference; lastKnownFileType = sourcecode.swift; path = SceneDelegate.swift; sourceTree = "<group>"; };
		8A61B47728967F37008E5A4D /* Base */ = {isa = PBXFileReference; lastKnownFileType = file.storyboard; name = Base; path = Base.lproj/Main.storyboard; sourceTree = "<group>"; };
		8A61B47A28967F37008E5A4D /* myContacts.xcdatamodel */ = {isa = PBXFileReference; lastKnownFileType = wrapper.xcdatamodel; path = myContacts.xcdatamodel; sourceTree = "<group>"; };
		8A61B47C28967F38008E5A4D /* Assets.xcassets */ = {isa = PBXFileReference; lastKnownFileType = folder.assetcatalog; path = Assets.xcassets; sourceTree = "<group>"; };
		8A61B47F28967F38008E5A4D /* Base */ = {isa = PBXFileReference; lastKnownFileType = file.storyboard; name = Base; path = Base.lproj/LaunchScreen.storyboard; sourceTree = "<group>"; };
		8A61B48128967F38008E5A4D /* Info.plist */ = {isa = PBXFileReference; lastKnownFileType = text.plist.xml; path = Info.plist; sourceTree = "<group>"; };
		8A61B48E28967FCF008E5A4D /* APIClient.swift */ = {isa = PBXFileReference; lastKnownFileType = sourcecode.swift; path = APIClient.swift; sourceTree = "<group>"; };
		8A61B4902896929C008E5A4D /* ContactsAPI.swift */ = {isa = PBXFileReference; lastKnownFileType = sourcecode.swift; path = ContactsAPI.swift; sourceTree = "<group>"; };
		8A61B49328969313008E5A4D /* Contact.swift */ = {isa = PBXFileReference; lastKnownFileType = sourcecode.swift; path = Contact.swift; sourceTree = "<group>"; };
		8A61B49828969E65008E5A4D /* ContactsListController.swift */ = {isa = PBXFileReference; lastKnownFileType = sourcecode.swift; path = ContactsListController.swift; sourceTree = "<group>"; };
		8A61B49B28969EB3008E5A4D /* BaseViewController.swift */ = {isa = PBXFileReference; lastKnownFileType = sourcecode.swift; path = BaseViewController.swift; sourceTree = "<group>"; };
		8A61B49D28969EEE008E5A4D /* BaseViewModel.swift */ = {isa = PBXFileReference; lastKnownFileType = sourcecode.swift; path = BaseViewModel.swift; sourceTree = "<group>"; };
		8A61B4A02896A042008E5A4D /* ContactsListViewModel.swift */ = {isa = PBXFileReference; lastKnownFileType = sourcecode.swift; path = ContactsListViewModel.swift; sourceTree = "<group>"; };
		8A61B4A32896A08A008E5A4D /* Services.swift */ = {isa = PBXFileReference; lastKnownFileType = sourcecode.swift; path = Services.swift; sourceTree = "<group>"; };
		8A61B4A52896A092008E5A4D /* ContactService.swift */ = {isa = PBXFileReference; lastKnownFileType = sourcecode.swift; path = ContactService.swift; sourceTree = "<group>"; };
		8A61B4A82896A43E008E5A4D /* UIColor.swift */ = {isa = PBXFileReference; lastKnownFileType = sourcecode.swift; path = UIColor.swift; sourceTree = "<group>"; };
		8A61B4AA2896A4D1008E5A4D /* Colors.xcassets */ = {isa = PBXFileReference; lastKnownFileType = folder.assetcatalog; path = Colors.xcassets; sourceTree = "<group>"; };
		8A61B4AC2896A729008E5A4D /* ContactCell.swift */ = {isa = PBXFileReference; lastKnownFileType = sourcecode.swift; path = ContactCell.swift; sourceTree = "<group>"; };
		8A61B4B22896B2C1008E5A4D /* ContactDetailsController.swift */ = {isa = PBXFileReference; lastKnownFileType = sourcecode.swift; path = ContactDetailsController.swift; sourceTree = "<group>"; };
		8A61B4B42896B2E7008E5A4D /* ContactDetailsViewModel.swift */ = {isa = PBXFileReference; lastKnownFileType = sourcecode.swift; path = ContactDetailsViewModel.swift; sourceTree = "<group>"; };
		8A61B4B62896BB40008E5A4D /* StorageService.swift */ = {isa = PBXFileReference; lastKnownFileType = sourcecode.swift; path = StorageService.swift; sourceTree = "<group>"; };
/* End PBXFileReference section */

/* Begin PBXFrameworksBuildPhase section */
		8A61B46A28967F37008E5A4D /* Frameworks */ = {
			isa = PBXFrameworksBuildPhase;
			buildActionMask = 2147483647;
			files = (
				8A61B4B02896A955008E5A4D /* Kingfisher in Frameworks */,
				8A61B48C28967FA4008E5A4D /* SwiftyJSON in Frameworks */,
				8A61B48928967F87008E5A4D /* Alamofire in Frameworks */,
			);
			runOnlyForDeploymentPostprocessing = 0;
		};
/* End PBXFrameworksBuildPhase section */

/* Begin PBXGroup section */
		8A61B46428967F37008E5A4D = {
			isa = PBXGroup;
			children = (
				8A61B46F28967F37008E5A4D /* myContacts */,
				8A61B46E28967F37008E5A4D /* Products */,
			);
			sourceTree = "<group>";
		};
		8A61B46E28967F37008E5A4D /* Products */ = {
			isa = PBXGroup;
			children = (
				8A61B46D28967F37008E5A4D /* myContacts.app */,
			);
			name = Products;
			sourceTree = "<group>";
		};
		8A61B46F28967F37008E5A4D /* myContacts */ = {
			isa = PBXGroup;
			children = (
				8A61B4A72896A432008E5A4D /* Extensions */,
				8A61B4A22896A078008E5A4D /* Services */,
				8A61B49728969E2F008E5A4D /* UI */,
				8A61B4922896930A008E5A4D /* Model */,
				8A61B48D28967FC0008E5A4D /* Networking */,
				8A61B47028967F37008E5A4D /* AppDelegate.swift */,
				8A61B47228967F37008E5A4D /* SceneDelegate.swift */,
				8A61B47628967F37008E5A4D /* Main.storyboard */,
				8A61B47C28967F38008E5A4D /* Assets.xcassets */,
				8A61B4AA2896A4D1008E5A4D /* Colors.xcassets */,
				8A61B47E28967F38008E5A4D /* LaunchScreen.storyboard */,
				8A61B48128967F38008E5A4D /* Info.plist */,
				8A61B47928967F37008E5A4D /* myContacts.xcdatamodeld */,
			);
			path = myContacts;
			sourceTree = "<group>";
		};
		8A61B48D28967FC0008E5A4D /* Networking */ = {
			isa = PBXGroup;
			children = (
				8A61B48E28967FCF008E5A4D /* APIClient.swift */,
				8A61B4902896929C008E5A4D /* ContactsAPI.swift */,
			);
			path = Networking;
			sourceTree = "<group>";
		};
		8A61B4922896930A008E5A4D /* Model */ = {
			isa = PBXGroup;
			children = (
				8A61B49328969313008E5A4D /* Contact.swift */,
			);
			path = Model;
			sourceTree = "<group>";
		};
		8A61B49728969E2F008E5A4D /* UI */ = {
			isa = PBXGroup;
			children = (
				8A61B4B12896B2B4008E5A4D /* ContactDetails */,
				8A61B49A28969EA9008E5A4D /* Base */,
				8A61B49F2896A031008E5A4D /* ContactsList */,
			);
			path = UI;
			sourceTree = "<group>";
		};
		8A61B49A28969EA9008E5A4D /* Base */ = {
			isa = PBXGroup;
			children = (
				8A61B49B28969EB3008E5A4D /* BaseViewController.swift */,
				8A61B49D28969EEE008E5A4D /* BaseViewModel.swift */,
			);
			path = Base;
			sourceTree = "<group>";
		};
		8A61B49F2896A031008E5A4D /* ContactsList */ = {
			isa = PBXGroup;
			children = (
				8A61B49828969E65008E5A4D /* ContactsListController.swift */,
				8A61B4A02896A042008E5A4D /* ContactsListViewModel.swift */,
				8A61B4AC2896A729008E5A4D /* ContactCell.swift */,
			);
			path = ContactsList;
			sourceTree = "<group>";
		};
		8A61B4A22896A078008E5A4D /* Services */ = {
			isa = PBXGroup;
			children = (
				8A61B4A32896A08A008E5A4D /* Services.swift */,
				8A61B4B62896BB40008E5A4D /* StorageService.swift */,
				8A61B4A52896A092008E5A4D /* ContactService.swift */,
			);
			path = Services;
			sourceTree = "<group>";
		};
		8A61B4A72896A432008E5A4D /* Extensions */ = {
			isa = PBXGroup;
			children = (
				8A61B4A82896A43E008E5A4D /* UIColor.swift */,
			);
			path = Extensions;
			sourceTree = "<group>";
		};
		8A61B4B12896B2B4008E5A4D /* ContactDetails */ = {
			isa = PBXGroup;
			children = (
				8A61B4B22896B2C1008E5A4D /* ContactDetailsController.swift */,
				8A61B4B42896B2E7008E5A4D /* ContactDetailsViewModel.swift */,
			);
			path = ContactDetails;
			sourceTree = "<group>";
		};
/* End PBXGroup section */

/* Begin PBXNativeTarget section */
		8A61B46C28967F37008E5A4D /* myContacts */ = {
			isa = PBXNativeTarget;
			buildConfigurationList = 8A61B48428967F38008E5A4D /* Build configuration list for PBXNativeTarget "myContacts" */;
			buildPhases = (
				8A61B46928967F37008E5A4D /* Sources */,
				8A61B46A28967F37008E5A4D /* Frameworks */,
				8A61B46B28967F37008E5A4D /* Resources */,
			);
			buildRules = (
			);
			dependencies = (
			);
			name = myContacts;
			packageProductDependencies = (
				8A61B48828967F87008E5A4D /* Alamofire */,
				8A61B48B28967FA4008E5A4D /* SwiftyJSON */,
				8A61B4AF2896A955008E5A4D /* Kingfisher */,
			);
			productName = myContacts;
			productReference = 8A61B46D28967F37008E5A4D /* myContacts.app */;
			productType = "com.apple.product-type.application";
		};
/* End PBXNativeTarget section */

/* Begin PBXProject section */
		8A61B46528967F37008E5A4D /* Project object */ = {
			isa = PBXProject;
			attributes = {
				BuildIndependentTargetsInParallel = 1;
				LastSwiftUpdateCheck = 1340;
				LastUpgradeCheck = 1340;
				TargetAttributes = {
					8A61B46C28967F37008E5A4D = {
						CreatedOnToolsVersion = 13.4.1;
					};
				};
			};
			buildConfigurationList = 8A61B46828967F37008E5A4D /* Build configuration list for PBXProject "myContacts" */;
			compatibilityVersion = "Xcode 13.0";
			developmentRegion = en;
			hasScannedForEncodings = 0;
			knownRegions = (
				en,
				Base,
			);
			mainGroup = 8A61B46428967F37008E5A4D;
			packageReferences = (
				8A61B48728967F87008E5A4D /* XCRemoteSwiftPackageReference "Alamofire" */,
				8A61B48A28967FA4008E5A4D /* XCRemoteSwiftPackageReference "SwiftyJSON" */,
				8A61B4AE2896A955008E5A4D /* XCRemoteSwiftPackageReference "Kingfisher" */,
			);
			productRefGroup = 8A61B46E28967F37008E5A4D /* Products */;
			projectDirPath = "";
			projectRoot = "";
			targets = (
				8A61B46C28967F37008E5A4D /* myContacts */,
			);
		};
/* End PBXProject section */

/* Begin PBXResourcesBuildPhase section */
		8A61B46B28967F37008E5A4D /* Resources */ = {
			isa = PBXResourcesBuildPhase;
			buildActionMask = 2147483647;
			files = (
				8A61B48028967F38008E5A4D /* LaunchScreen.storyboard in Resources */,
				8A61B4AB2896A4D1008E5A4D /* Colors.xcassets in Resources */,
				8A61B47D28967F38008E5A4D /* Assets.xcassets in Resources */,
				8A61B47828967F37008E5A4D /* Main.storyboard in Resources */,
			);
			runOnlyForDeploymentPostprocessing = 0;
		};
/* End PBXResourcesBuildPhase section */

/* Begin PBXSourcesBuildPhase section */
		8A61B46928967F37008E5A4D /* Sources */ = {
			isa = PBXSourcesBuildPhase;
			buildActionMask = 2147483647;
			files = (
				8A61B4B32896B2C1008E5A4D /* ContactDetailsController.swift in Sources */,
				8A61B47B28967F37008E5A4D /* myContacts.xcdatamodeld in Sources */,
				8A61B49E28969EEE008E5A4D /* BaseViewModel.swift in Sources */,
				8A61B47128967F37008E5A4D /* AppDelegate.swift in Sources */,
				8A61B4A42896A08A008E5A4D /* Services.swift in Sources */,
				8A61B4912896929C008E5A4D /* ContactsAPI.swift in Sources */,
				8A61B4B52896B2E7008E5A4D /* ContactDetailsViewModel.swift in Sources */,
				8A61B48F28967FCF008E5A4D /* APIClient.swift in Sources */,
				8A61B4A12896A042008E5A4D /* ContactsListViewModel.swift in Sources */,
				8A61B47328967F37008E5A4D /* SceneDelegate.swift in Sources */,
				8A61B4A62896A092008E5A4D /* ContactService.swift in Sources */,
				8A61B4A92896A43E008E5A4D /* UIColor.swift in Sources */,
				8A61B4B72896BB40008E5A4D /* StorageService.swift in Sources */,
				8A61B49C28969EB3008E5A4D /* BaseViewController.swift in Sources */,
				8A61B49928969E65008E5A4D /* ContactsListController.swift in Sources */,
				8A61B4AD2896A729008E5A4D /* ContactCell.swift in Sources */,
				8A61B49428969313008E5A4D /* Contact.swift in Sources */,
			);
			runOnlyForDeploymentPostprocessing = 0;
		};
/* End PBXSourcesBuildPhase section */

/* Begin PBXVariantGroup section */
		8A61B47628967F37008E5A4D /* Main.storyboard */ = {
			isa = PBXVariantGroup;
			children = (
				8A61B47728967F37008E5A4D /* Base */,
			);
			name = Main.storyboard;
			sourceTree = "<group>";
		};
		8A61B47E28967F38008E5A4D /* LaunchScreen.storyboard */ = {
			isa = PBXVariantGroup;
			children = (
				8A61B47F28967F38008E5A4D /* Base */,
			);
			name = LaunchScreen.storyboard;
			sourceTree = "<group>";
		};
/* End PBXVariantGroup section */

/* Begin XCBuildConfiguration section */
		8A61B48228967F38008E5A4D /* Debug */ = {
			isa = XCBuildConfiguration;
			buildSettings = {
				ALWAYS_SEARCH_USER_PATHS = NO;
				CLANG_ANALYZER_NONNULL = YES;
				CLANG_ANALYZER_NUMBER_OBJECT_CONVERSION = YES_AGGRESSIVE;
				CLANG_CXX_LANGUAGE_STANDARD = "gnu++17";
				CLANG_ENABLE_MODULES = YES;
				CLANG_ENABLE_OBJC_ARC = YES;
				CLANG_ENABLE_OBJC_WEAK = YES;
				CLANG_WARN_BLOCK_CAPTURE_AUTORELEASING = YES;
				CLANG_WARN_BOOL_CONVERSION = YES;
				CLANG_WARN_COMMA = YES;
				CLANG_WARN_CONSTANT_CONVERSION = YES;
				CLANG_WARN_DEPRECATED_OBJC_IMPLEMENTATIONS = YES;
				CLANG_WARN_DIRECT_OBJC_ISA_USAGE = YES_ERROR;
				CLANG_WARN_DOCUMENTATION_COMMENTS = YES;
				CLANG_WARN_EMPTY_BODY = YES;
				CLANG_WARN_ENUM_CONVERSION = YES;
				CLANG_WARN_INFINITE_RECURSION = YES;
				CLANG_WARN_INT_CONVERSION = YES;
				CLANG_WARN_NON_LITERAL_NULL_CONVERSION = YES;
				CLANG_WARN_OBJC_IMPLICIT_RETAIN_SELF = YES;
				CLANG_WARN_OBJC_LITERAL_CONVERSION = YES;
				CLANG_WARN_OBJC_ROOT_CLASS = YES_ERROR;
				CLANG_WARN_QUOTED_INCLUDE_IN_FRAMEWORK_HEADER = YES;
				CLANG_WARN_RANGE_LOOP_ANALYSIS = YES;
				CLANG_WARN_STRICT_PROTOTYPES = YES;
				CLANG_WARN_SUSPICIOUS_MOVE = YES;
				CLANG_WARN_UNGUARDED_AVAILABILITY = YES_AGGRESSIVE;
				CLANG_WARN_UNREACHABLE_CODE = YES;
				CLANG_WARN__DUPLICATE_METHOD_MATCH = YES;
				COPY_PHASE_STRIP = NO;
				DEBUG_INFORMATION_FORMAT = dwarf;
				ENABLE_STRICT_OBJC_MSGSEND = YES;
				ENABLE_TESTABILITY = YES;
				GCC_C_LANGUAGE_STANDARD = gnu11;
				GCC_DYNAMIC_NO_PIC = NO;
				GCC_NO_COMMON_BLOCKS = YES;
				GCC_OPTIMIZATION_LEVEL = 0;
				GCC_PREPROCESSOR_DEFINITIONS = (
					"DEBUG=1",
					"$(inherited)",
				);
				GCC_WARN_64_TO_32_BIT_CONVERSION = YES;
				GCC_WARN_ABOUT_RETURN_TYPE = YES_ERROR;
				GCC_WARN_UNDECLARED_SELECTOR = YES;
				GCC_WARN_UNINITIALIZED_AUTOS = YES_AGGRESSIVE;
				GCC_WARN_UNUSED_FUNCTION = YES;
				GCC_WARN_UNUSED_VARIABLE = YES;
				IPHONEOS_DEPLOYMENT_TARGET = 15.5;
				MTL_ENABLE_DEBUG_INFO = INCLUDE_SOURCE;
				MTL_FAST_MATH = YES;
				ONLY_ACTIVE_ARCH = YES;
				SDKROOT = iphoneos;
				SWIFT_ACTIVE_COMPILATION_CONDITIONS = DEBUG;
				SWIFT_OPTIMIZATION_LEVEL = "-Onone";
			};
			name = Debug;
		};
		8A61B48328967F38008E5A4D /* Release */ = {
			isa = XCBuildConfiguration;
			buildSettings = {
				ALWAYS_SEARCH_USER_PATHS = NO;
				CLANG_ANALYZER_NONNULL = YES;
				CLANG_ANALYZER_NUMBER_OBJECT_CONVERSION = YES_AGGRESSIVE;
				CLANG_CXX_LANGUAGE_STANDARD = "gnu++17";
				CLANG_ENABLE_MODULES = YES;
				CLANG_ENABLE_OBJC_ARC = YES;
				CLANG_ENABLE_OBJC_WEAK = YES;
				CLANG_WARN_BLOCK_CAPTURE_AUTORELEASING = YES;
				CLANG_WARN_BOOL_CONVERSION = YES;
				CLANG_WARN_COMMA = YES;
				CLANG_WARN_CONSTANT_CONVERSION = YES;
				CLANG_WARN_DEPRECATED_OBJC_IMPLEMENTATIONS = YES;
				CLANG_WARN_DIRECT_OBJC_ISA_USAGE = YES_ERROR;
				CLANG_WARN_DOCUMENTATION_COMMENTS = YES;
				CLANG_WARN_EMPTY_BODY = YES;
				CLANG_WARN_ENUM_CONVERSION = YES;
				CLANG_WARN_INFINITE_RECURSION = YES;
				CLANG_WARN_INT_CONVERSION = YES;
				CLANG_WARN_NON_LITERAL_NULL_CONVERSION = YES;
				CLANG_WARN_OBJC_IMPLICIT_RETAIN_SELF = YES;
				CLANG_WARN_OBJC_LITERAL_CONVERSION = YES;
				CLANG_WARN_OBJC_ROOT_CLASS = YES_ERROR;
				CLANG_WARN_QUOTED_INCLUDE_IN_FRAMEWORK_HEADER = YES;
				CLANG_WARN_RANGE_LOOP_ANALYSIS = YES;
				CLANG_WARN_STRICT_PROTOTYPES = YES;
				CLANG_WARN_SUSPICIOUS_MOVE = YES;
				CLANG_WARN_UNGUARDED_AVAILABILITY = YES_AGGRESSIVE;
				CLANG_WARN_UNREACHABLE_CODE = YES;
				CLANG_WARN__DUPLICATE_METHOD_MATCH = YES;
				COPY_PHASE_STRIP = NO;
				DEBUG_INFORMATION_FORMAT = "dwarf-with-dsym";
				ENABLE_NS_ASSERTIONS = NO;
				ENABLE_STRICT_OBJC_MSGSEND = YES;
				GCC_C_LANGUAGE_STANDARD = gnu11;
				GCC_NO_COMMON_BLOCKS = YES;
				GCC_WARN_64_TO_32_BIT_CONVERSION = YES;
				GCC_WARN_ABOUT_RETURN_TYPE = YES_ERROR;
				GCC_WARN_UNDECLARED_SELECTOR = YES;
				GCC_WARN_UNINITIALIZED_AUTOS = YES_AGGRESSIVE;
				GCC_WARN_UNUSED_FUNCTION = YES;
				GCC_WARN_UNUSED_VARIABLE = YES;
				IPHONEOS_DEPLOYMENT_TARGET = 15.5;
				MTL_ENABLE_DEBUG_INFO = NO;
				MTL_FAST_MATH = YES;
				SDKROOT = iphoneos;
				SWIFT_COMPILATION_MODE = wholemodule;
				SWIFT_OPTIMIZATION_LEVEL = "-O";
				VALIDATE_PRODUCT = YES;
			};
			name = Release;
		};
		8A61B48528967F38008E5A4D /* Debug */ = {
			isa = XCBuildConfiguration;
			buildSettings = {
				ASSETCATALOG_COMPILER_APPICON_NAME = AppIcon;
				ASSETCATALOG_COMPILER_GLOBAL_ACCENT_COLOR_NAME = AccentColor;
				CODE_SIGN_STYLE = Automatic;
				CURRENT_PROJECT_VERSION = 1;
				DEVELOPMENT_TEAM = 2QDTJTMG5L;
				GENERATE_INFOPLIST_FILE = YES;
				INFOPLIST_FILE = myContacts/Info.plist;
				INFOPLIST_KEY_UIApplicationSupportsIndirectInputEvents = YES;
				INFOPLIST_KEY_UILaunchStoryboardName = LaunchScreen;
				INFOPLIST_KEY_UIMainStoryboardFile = Main;
				INFOPLIST_KEY_UISupportedInterfaceOrientations_iPad = "UIInterfaceOrientationPortrait UIInterfaceOrientationPortraitUpsideDown UIInterfaceOrientationLandscapeLeft UIInterfaceOrientationLandscapeRight";
				INFOPLIST_KEY_UISupportedInterfaceOrientations_iPhone = "UIInterfaceOrientationPortrait UIInterfaceOrientationLandscapeLeft UIInterfaceOrientationLandscapeRight";
				LD_RUNPATH_SEARCH_PATHS = (
					"$(inherited)",
					"@executable_path/Frameworks",
				);
				MARKETING_VERSION = 1.0;
				PRODUCT_BUNDLE_IDENTIFIER = com.rpaun.nav.myContacts;
				PRODUCT_NAME = "$(TARGET_NAME)";
				SWIFT_EMIT_LOC_STRINGS = YES;
				SWIFT_VERSION = 5.0;
				TARGETED_DEVICE_FAMILY = "1,2";
			};
			name = Debug;
		};
		8A61B48628967F38008E5A4D /* Release */ = {
			isa = XCBuildConfiguration;
			buildSettings = {
				ASSETCATALOG_COMPILER_APPICON_NAME = AppIcon;
				ASSETCATALOG_COMPILER_GLOBAL_ACCENT_COLOR_NAME = AccentColor;
				CODE_SIGN_STYLE = Automatic;
				CURRENT_PROJECT_VERSION = 1;
				DEVELOPMENT_TEAM = 2QDTJTMG5L;
				GENERATE_INFOPLIST_FILE = YES;
				INFOPLIST_FILE = myContacts/Info.plist;
				INFOPLIST_KEY_UIApplicationSupportsIndirectInputEvents = YES;
				INFOPLIST_KEY_UILaunchStoryboardName = LaunchScreen;
				INFOPLIST_KEY_UIMainStoryboardFile = Main;
				INFOPLIST_KEY_UISupportedInterfaceOrientations_iPad = "UIInterfaceOrientationPortrait UIInterfaceOrientationPortraitUpsideDown UIInterfaceOrientationLandscapeLeft UIInterfaceOrientationLandscapeRight";
				INFOPLIST_KEY_UISupportedInterfaceOrientations_iPhone = "UIInterfaceOrientationPortrait UIInterfaceOrientationLandscapeLeft UIInterfaceOrientationLandscapeRight";
				LD_RUNPATH_SEARCH_PATHS = (
					"$(inherited)",
					"@executable_path/Frameworks",
				);
				MARKETING_VERSION = 1.0;
				PRODUCT_BUNDLE_IDENTIFIER = com.rpaun.nav.myContacts;
				PRODUCT_NAME = "$(TARGET_NAME)";
				SWIFT_EMIT_LOC_STRINGS = YES;
				SWIFT_VERSION = 5.0;
				TARGETED_DEVICE_FAMILY = "1,2";
			};
			name = Release;
		};
/* End XCBuildConfiguration section */

/* Begin XCConfigurationList section */
		8A61B46828967F37008E5A4D /* Build configuration list for PBXProject "myContacts" */ = {
			isa = XCConfigurationList;
			buildConfigurations = (
				8A61B48228967F38008E5A4D /* Debug */,
				8A61B48328967F38008E5A4D /* Release */,
			);
			defaultConfigurationIsVisible = 0;
			defaultConfigurationName = Release;
		};
		8A61B48428967F38008E5A4D /* Build configuration list for PBXNativeTarget "myContacts" */ = {
			isa = XCConfigurationList;
			buildConfigurations = (
				8A61B48528967F38008E5A4D /* Debug */,
				8A61B48628967F38008E5A4D /* Release */,
			);
			defaultConfigurationIsVisible = 0;
			defaultConfigurationName = Release;
		};
/* End XCConfigurationList section */

/* Begin XCRemoteSwiftPackageReference section */
		8A61B48728967F87008E5A4D /* XCRemoteSwiftPackageReference "Alamofire" */ = {
			isa = XCRemoteSwiftPackageReference;
			repositoryURL = "https://github.com/Alamofire/Alamofire.git";
			requirement = {
				kind = upToNextMajorVersion;
				minimumVersion = 5.0.0;
			};
		};
		8A61B48A28967FA4008E5A4D /* XCRemoteSwiftPackageReference "SwiftyJSON" */ = {
			isa = XCRemoteSwiftPackageReference;
			repositoryURL = "https://github.com/SwiftyJSON/SwiftyJSON.git";
			requirement = {
				kind = upToNextMajorVersion;
				minimumVersion = 5.0.0;
			};
		};
		8A61B4AE2896A955008E5A4D /* XCRemoteSwiftPackageReference "Kingfisher" */ = {
			isa = XCRemoteSwiftPackageReference;
			repositoryURL = "https://github.com/onevcat/Kingfisher.git";
			requirement = {
				kind = upToNextMajorVersion;
				minimumVersion = 7.0.0;
			};
		};
/* End XCRemoteSwiftPackageReference section */

/* Begin XCSwiftPackageProductDependency section */
		8A61B48828967F87008E5A4D /* Alamofire */ = {
			isa = XCSwiftPackageProductDependency;
			package = 8A61B48728967F87008E5A4D /* XCRemoteSwiftPackageReference "Alamofire" */;
			productName = Alamofire;
		};
		8A61B48B28967FA4008E5A4D /* SwiftyJSON */ = {
			isa = XCSwiftPackageProductDependency;
			package = 8A61B48A28967FA4008E5A4D /* XCRemoteSwiftPackageReference "SwiftyJSON" */;
			productName = SwiftyJSON;
		};
		8A61B4AF2896A955008E5A4D /* Kingfisher */ = {
			isa = XCSwiftPackageProductDependency;
			package = 8A61B4AE2896A955008E5A4D /* XCRemoteSwiftPackageReference "Kingfisher" */;
			productName = Kingfisher;
		};
/* End XCSwiftPackageProductDependency section */

/* Begin XCVersionGroup section */
		8A61B47928967F37008E5A4D /* myContacts.xcdatamodeld */ = {
			isa = XCVersionGroup;
			children = (
				8A61B47A28967F37008E5A4D /* myContacts.xcdatamodel */,
			);
			currentVersion = 8A61B47A28967F37008E5A4D /* myContacts.xcdatamodel */;
			path = myContacts.xcdatamodeld;
			sourceTree = "<group>";
			versionGroupType = wrapper.xcdatamodel;
		};
/* End XCVersionGroup section */
	};
	rootObject = 8A61B46528967F37008E5A4D /* Project object */;
}
